
Microsoft Visual Studio Solution File, Format Version 12.00
# Visual Studio Version 17
VisualStudioVersion = 17.5.002.0
MinimumVisualStudioVersion = 10.0.40219.1
Project("{9A19103F-16F7-4668-BE54-9A1E7A4F7556}") = "NPCTry", "NPCTry.csproj", "{92FB9520-CC4C-4BB2-8EB8-7FDC6949843D}"
EndProject
Global
	GlobalSection(SolutionConfigurationPlatforms) = preSolution
		Debug|Any CPU = Debug|Any CPU
		Release|Any CPU = Release|Any CPU
	EndGlobalSection
	GlobalSection(ProjectConfigurationPlatforms) = postSolution
		{92FB9520-CC4C-4BB2-8EB8-7FDC6949843D}.Debug|Any CPU.ActiveCfg = Debug|Any CPU
		{92FB9520-CC4C-4BB2-8EB8-7FDC6949843D}.Debug|Any CPU.Build.0 = Debug|Any CPU
		{92FB9520-CC4C-4BB2-8EB8-7FDC6949843D}.Release|Any CPU.ActiveCfg = Release|Any CPU
		{92FB9520-CC4C-4BB2-8EB8-7FDC6949843D}.Release|Any CPU.Build.0 = Release|Any CPU
	EndGlobalSection
	GlobalSection(SolutionProperties) = preSolution
		HideSolutionNode = FALSE
	EndGlobalSection
	GlobalSection(ExtensibilityGlobals) = postSolution
		SolutionGuid = {D822B449-1D97-4E4D-B0DB-5BE517ED8DEB}
	EndGlobalSection
EndGlobal
